
Microsoft Visual Studio Solution File, Format Version 12.00
# Visual Studio 14
VisualStudioVersion = 14.0.25420.1
MinimumVisualStudioVersion = 10.0.40219.1
Project("{2150E333-8FDC-42A3-9474-1A3956D46DE8}") = "CLR", "CLR", "{DB03B01D-80D8-439E-9316-69389E0D543E}"
EndProject
Project("{8BC9CEB8-8B4A-11D0-8D11-00A0C91BC942}") = "FFmpegInterop.CLR", "FFmpegInterop\CLR\FFmpegInterop.CLR\FFmpegInterop.CLR.vcxproj", "{ADC3E224-BD1B-4BDD-B5B3-1C9981A03DF3}"
EndProject
Project("{FAE04EC0-301F-11D3-BF4B-00C04F79EFBC}") = "TestConsole", "TestConsole\TestConsole.csproj", "{D6661831-88B6-4F09-9A3D-563AD44EF098}"
EndProject
Global
	GlobalSection(SolutionConfigurationPlatforms) = preSolution
		Debug|Any CPU = Debug|Any CPU
		Debug|ARM = Debug|ARM
		Debug|x64 = Debug|x64
		Debug|x86 = Debug|x86
		Release|Any CPU = Release|Any CPU
		Release|ARM = Release|ARM
		Release|x64 = Release|x64
		Release|x86 = Release|x86
	EndGlobalSection
	GlobalSection(ProjectConfigurationPlatforms) = postSolution
		{ADC3E224-BD1B-4BDD-B5B3-1C9981A03DF3}.Debug|Any CPU.ActiveCfg = Debug|Win32
		{ADC3E224-BD1B-4BDD-B5B3-1C9981A03DF3}.Debug|ARM.ActiveCfg = Debug|Win32
		{ADC3E224-BD1B-4BDD-B5B3-1C9981A03DF3}.Debug|x64.ActiveCfg = Debug|x64
		{ADC3E224-BD1B-4BDD-B5B3-1C9981A03DF3}.Debug|x64.Build.0 = Debug|x64
		{ADC3E224-BD1B-4BDD-B5B3-1C9981A03DF3}.Debug|x86.ActiveCfg = Debug|Win32
		{ADC3E224-BD1B-4BDD-B5B3-1C9981A03DF3}.Debug|x86.Build.0 = Debug|Win32
		{ADC3E224-BD1B-4BDD-B5B3-1C9981A03DF3}.Release|Any CPU.ActiveCfg = Release|Win32
		{ADC3E224-BD1B-4BDD-B5B3-1C9981A03DF3}.Release|ARM.ActiveCfg = Release|Win32
		{ADC3E224-BD1B-4BDD-B5B3-1C9981A03DF3}.Release|x64.ActiveCfg = Release|x64
		{ADC3E224-BD1B-4BDD-B5B3-1C9981A03DF3}.Release|x64.Build.0 = Release|x64
		{ADC3E224-BD1B-4BDD-B5B3-1C9981A03DF3}.Release|x86.ActiveCfg = Release|Win32
		{ADC3E224-BD1B-4BDD-B5B3-1C9981A03DF3}.Release|x86.Build.0 = Release|Win32
		{D6661831-88B6-4F09-9A3D-563AD44EF098}.Debug|Any CPU.ActiveCfg = Debug|Any CPU
		{D6661831-88B6-4F09-9A3D-563AD44EF098}.Debug|Any CPU.Build.0 = Debug|Any CPU
		{D6661831-88B6-4F09-9A3D-563AD44EF098}.Debug|ARM.ActiveCfg = Debug|Any CPU
		{D6661831-88B6-4F09-9A3D-563AD44EF098}.Debug|ARM.Build.0 = Debug|Any CPU
		{D6661831-88B6-4F09-9A3D-563AD44EF098}.Debug|x64.ActiveCfg = Debug|x64
		{D6661831-88B6-4F09-9A3D-563AD44EF098}.Debug|x64.Build.0 = Debug|x64
		{D6661831-88B6-4F09-9A3D-563AD44EF098}.Debug|x86.ActiveCfg = Debug|Any CPU
		{D6661831-88B6-4F09-9A3D-563AD44EF098}.Debug|x86.Build.0 = Debug|Any CPU
		{D6661831-88B6-4F09-9A3D-563AD44EF098}.Release|Any CPU.ActiveCfg = Release|Any CPU
		{D6661831-88B6-4F09-9A3D-563AD44EF098}.Release|Any CPU.Build.0 = Release|Any CPU
		{D6661831-88B6-4F09-9A3D-563AD44EF098}.Release|ARM.ActiveCfg = Release|Any CPU
		{D6661831-88B6-4F09-9A3D-563AD44EF098}.Release|ARM.Build.0 = Release|Any CPU
		{D6661831-88B6-4F09-9A3D-563AD44EF098}.Release|x64.ActiveCfg = Release|Any CPU
		{D6661831-88B6-4F09-9A3D-563AD44EF098}.Release|x64.Build.0 = Release|Any CPU
		{D6661831-88B6-4F09-9A3D-563AD44EF098}.Release|x86.ActiveCfg = Release|Any CPU
		{D6661831-88B6-4F09-9A3D-563AD44EF098}.Release|x86.Build.0 = Release|Any CPU
	EndGlobalSection
	GlobalSection(SolutionProperties) = preSolution
		HideSolutionNode = FALSE
	EndGlobalSection
	GlobalSection(NestedProjects) = preSolution
		{ADC3E224-BD1B-4BDD-B5B3-1C9981A03DF3} = {DB03B01D-80D8-439E-9316-69389E0D543E}
		{D6661831-88B6-4F09-9A3D-563AD44EF098} = {DB03B01D-80D8-439E-9316-69389E0D543E}
	EndGlobalSection
EndGlobal
